
Microsoft Visual Studio Solution File, Format Version 12.00
# Visual Studio 2013
VisualStudioVersion = 12.0.21005.1
MinimumVisualStudioVersion = 10.0.40219.1
Project("{FAE04EC0-301F-11D3-BF4B-00C04F79EFBC}") = "Sun.Plasma", "Sun.Plasma\Sun.Plasma.csproj", "{3293A2FB-5CA9-4343-91CB-35DBDA448F91}"
EndProject
Project("{FAE04EC0-301F-11D3-BF4B-00C04F79EFBC}") = "Sun.Plasma.ViewModel", "Sun.Plasma.ViewModel\Sun.Plasma.ViewModel.csproj", "{7AD39374-CA63-4352-8458-90587D237EF0}"
EndProject
Project("{FAE04EC0-301F-11D3-BF4B-00C04F79EFBC}") = "Sun.Core", "..\Sun.Core\Sun.Core\Sun.Core.csproj", "{9999A65E-F118-47F8-80C6-A91C00BB198B}"
EndProject
Project("{FAE04EC0-301F-11D3-BF4B-00C04F79EFBC}") = "Sun.SelfUpdater", "..\Sun.SelfUpdater\Sun.SelfUpdater\Sun.SelfUpdater\Sun.SelfUpdater.csproj", "{3C366205-802C-4167-AC81-AABAC6321B5A}"
EndProject
Project("{FAE04EC0-301F-11D3-BF4B-00C04F79EFBC}") = "Sun.Plasma.WebInstaller", "Sun.Plasma.WebInstaller\Sun.Plasma.WebInstaller.csproj", "{CDF3B494-0651-4BBF-A354-EF42000C525C}"
EndProject
Project("{FAE04EC0-301F-11D3-BF4B-00C04F79EFBC}") = "Sun.WebPublishing", "..\Sun.Core\Sun.WebPublishing\Sun.WebPublishing\Sun.WebPublishing.csproj", "{BD58B89A-2336-4AD1-9503-1C65F3A14082}"
EndProject
Project("{FAE04EC0-301F-11D3-BF4B-00C04F79EFBC}") = "Sun.Plasma.Controller", "Sun.Plasma.Controller\Sun.Plasma.Controller.csproj", "{4E0A53B1-1FD2-4031-9E79-8B368132C793}"
EndProject
Global
	GlobalSection(SolutionConfigurationPlatforms) = preSolution
		Debug|Any CPU = Debug|Any CPU
		Debug|Mixed Platforms = Debug|Mixed Platforms
		Debug|x86 = Debug|x86
		Release|Any CPU = Release|Any CPU
		Release|Mixed Platforms = Release|Mixed Platforms
		Release|x86 = Release|x86
	EndGlobalSection
	GlobalSection(ProjectConfigurationPlatforms) = postSolution
		{3293A2FB-5CA9-4343-91CB-35DBDA448F91}.Debug|Any CPU.ActiveCfg = Debug|x86
		{3293A2FB-5CA9-4343-91CB-35DBDA448F91}.Debug|Mixed Platforms.ActiveCfg = Debug|x86
		{3293A2FB-5CA9-4343-91CB-35DBDA448F91}.Debug|Mixed Platforms.Build.0 = Debug|x86
		{3293A2FB-5CA9-4343-91CB-35DBDA448F91}.Debug|x86.ActiveCfg = Debug|x86
		{3293A2FB-5CA9-4343-91CB-35DBDA448F91}.Debug|x86.Build.0 = Debug|x86
		{3293A2FB-5CA9-4343-91CB-35DBDA448F91}.Release|Any CPU.ActiveCfg = Release|x86
		{3293A2FB-5CA9-4343-91CB-35DBDA448F91}.Release|Mixed Platforms.ActiveCfg = Release|x86
		{3293A2FB-5CA9-4343-91CB-35DBDA448F91}.Release|Mixed Platforms.Build.0 = Release|x86
		{3293A2FB-5CA9-4343-91CB-35DBDA448F91}.Release|x86.ActiveCfg = Release|x86
		{3293A2FB-5CA9-4343-91CB-35DBDA448F91}.Release|x86.Build.0 = Release|x86
		{7AD39374-CA63-4352-8458-90587D237EF0}.Debug|Any CPU.ActiveCfg = Debug|Any CPU
		{7AD39374-CA63-4352-8458-90587D237EF0}.Debug|Any CPU.Build.0 = Debug|Any CPU
		{7AD39374-CA63-4352-8458-90587D237EF0}.Debug|Mixed Platforms.ActiveCfg = Debug|Any CPU
		{7AD39374-CA63-4352-8458-90587D237EF0}.Debug|Mixed Platforms.Build.0 = Debug|Any CPU
		{7AD39374-CA63-4352-8458-90587D237EF0}.Debug|x86.ActiveCfg = Debug|Any CPU
		{7AD39374-CA63-4352-8458-90587D237EF0}.Release|Any CPU.ActiveCfg = Release|Any CPU
		{7AD39374-CA63-4352-8458-90587D237EF0}.Release|Any CPU.Build.0 = Release|Any CPU
		{7AD39374-CA63-4352-8458-90587D237EF0}.Release|Mixed Platforms.ActiveCfg = Release|Any CPU
		{7AD39374-CA63-4352-8458-90587D237EF0}.Release|Mixed Platforms.Build.0 = Release|Any CPU
		{7AD39374-CA63-4352-8458-90587D237EF0}.Release|x86.ActiveCfg = Release|Any CPU
		{9999A65E-F118-47F8-80C6-A91C00BB198B}.Debug|Any CPU.ActiveCfg = Debug|Any CPU
		{9999A65E-F118-47F8-80C6-A91C00BB198B}.Debug|Any CPU.Build.0 = Debug|Any CPU
		{9999A65E-F118-47F8-80C6-A91C00BB198B}.Debug|Mixed Platforms.ActiveCfg = Debug|Any CPU
		{9999A65E-F118-47F8-80C6-A91C00BB198B}.Debug|Mixed Platforms.Build.0 = Debug|Any CPU
		{9999A65E-F118-47F8-80C6-A91C00BB198B}.Debug|x86.ActiveCfg = Debug|Any CPU
		{9999A65E-F118-47F8-80C6-A91C00BB198B}.Release|Any CPU.ActiveCfg = Release|Any CPU
		{9999A65E-F118-47F8-80C6-A91C00BB198B}.Release|Any CPU.Build.0 = Release|Any CPU
		{9999A65E-F118-47F8-80C6-A91C00BB198B}.Release|Mixed Platforms.ActiveCfg = Release|Any CPU
		{9999A65E-F118-47F8-80C6-A91C00BB198B}.Release|Mixed Platforms.Build.0 = Release|Any CPU
		{9999A65E-F118-47F8-80C6-A91C00BB198B}.Release|x86.ActiveCfg = Release|Any CPU
		{3C366205-802C-4167-AC81-AABAC6321B5A}.Debug|Any CPU.ActiveCfg = Debug|x86
		{3C366205-802C-4167-AC81-AABAC6321B5A}.Debug|Mixed Platforms.ActiveCfg = Debug|x86
		{3C366205-802C-4167-AC81-AABAC6321B5A}.Debug|Mixed Platforms.Build.0 = Debug|x86
		{3C366205-802C-4167-AC81-AABAC6321B5A}.Debug|x86.ActiveCfg = Debug|x86
		{3C366205-802C-4167-AC81-AABAC6321B5A}.Debug|x86.Build.0 = Debug|x86
		{3C366205-802C-4167-AC81-AABAC6321B5A}.Release|Any CPU.ActiveCfg = Release|x86
		{3C366205-802C-4167-AC81-AABAC6321B5A}.Release|Mixed Platforms.ActiveCfg = Release|x86
		{3C366205-802C-4167-AC81-AABAC6321B5A}.Release|Mixed Platforms.Build.0 = Release|x86
		{3C366205-802C-4167-AC81-AABAC6321B5A}.Release|x86.ActiveCfg = Release|x86
		{3C366205-802C-4167-AC81-AABAC6321B5A}.Release|x86.Build.0 = Release|x86
		{CDF3B494-0651-4BBF-A354-EF42000C525C}.Debug|Any CPU.ActiveCfg = Debug|x86
		{CDF3B494-0651-4BBF-A354-EF42000C525C}.Debug|Mixed Platforms.ActiveCfg = Debug|x86
		{CDF3B494-0651-4BBF-A354-EF42000C525C}.Debug|Mixed Platforms.Build.0 = Debug|x86
		{CDF3B494-0651-4BBF-A354-EF42000C525C}.Debug|x86.ActiveCfg = Debug|x86
		{CDF3B494-0651-4BBF-A354-EF42000C525C}.Debug|x86.Build.0 = Debug|x86
		{CDF3B494-0651-4BBF-A354-EF42000C525C}.Release|Any CPU.ActiveCfg = Release|x86
		{CDF3B494-0651-4BBF-A354-EF42000C525C}.Release|Mixed Platforms.ActiveCfg = Release|x86
		{CDF3B494-0651-4BBF-A354-EF42000C525C}.Release|Mixed Platforms.Build.0 = Release|x86
		{CDF3B494-0651-4BBF-A354-EF42000C525C}.Release|x86.ActiveCfg = Release|x86
		{CDF3B494-0651-4BBF-A354-EF42000C525C}.Release|x86.Build.0 = Release|x86
		{BD58B89A-2336-4AD1-9503-1C65F3A14082}.Debug|Any CPU.ActiveCfg = Debug|Any CPU
		{BD58B89A-2336-4AD1-9503-1C65F3A14082}.Debug|Any CPU.Build.0 = Debug|Any CPU
		{BD58B89A-2336-4AD1-9503-1C65F3A14082}.Debug|Mixed Platforms.ActiveCfg = Debug|Any CPU
		{BD58B89A-2336-4AD1-9503-1C65F3A14082}.Debug|Mixed Platforms.Build.0 = Debug|Any CPU
		{BD58B89A-2336-4AD1-9503-1C65F3A14082}.Debug|x86.ActiveCfg = Debug|Any CPU
		{BD58B89A-2336-4AD1-9503-1C65F3A14082}.Release|Any CPU.ActiveCfg = Release|Any CPU
		{BD58B89A-2336-4AD1-9503-1C65F3A14082}.Release|Any CPU.Build.0 = Release|Any CPU
		{BD58B89A-2336-4AD1-9503-1C65F3A14082}.Release|Mixed Platforms.ActiveCfg = Release|Any CPU
		{BD58B89A-2336-4AD1-9503-1C65F3A14082}.Release|Mixed Platforms.Build.0 = Release|Any CPU
		{BD58B89A-2336-4AD1-9503-1C65F3A14082}.Release|x86.ActiveCfg = Release|Any CPU
		{4E0A53B1-1FD2-4031-9E79-8B368132C793}.Debug|Any CPU.ActiveCfg = Debug|Any CPU
		{4E0A53B1-1FD2-4031-9E79-8B368132C793}.Debug|Any CPU.Build.0 = Debug|Any CPU
		{4E0A53B1-1FD2-4031-9E79-8B368132C793}.Debug|Mixed Platforms.ActiveCfg = Debug|Any CPU
		{4E0A53B1-1FD2-4031-9E79-8B368132C793}.Debug|Mixed Platforms.Build.0 = Debug|Any CPU
		{4E0A53B1-1FD2-4031-9E79-8B368132C793}.Debug|x86.ActiveCfg = Debug|Any CPU
		{4E0A53B1-1FD2-4031-9E79-8B368132C793}.Release|Any CPU.ActiveCfg = Release|Any CPU
		{4E0A53B1-1FD2-4031-9E79-8B368132C793}.Release|Any CPU.Build.0 = Release|Any CPU
		{4E0A53B1-1FD2-4031-9E79-8B368132C793}.Release|Mixed Platforms.ActiveCfg = Release|Any CPU
		{4E0A53B1-1FD2-4031-9E79-8B368132C793}.Release|Mixed Platforms.Build.0 = Release|Any CPU
		{4E0A53B1-1FD2-4031-9E79-8B368132C793}.Release|x86.ActiveCfg = Release|Any CPU
	EndGlobalSection
	GlobalSection(SolutionProperties) = preSolution
		HideSolutionNode = FALSE
	EndGlobalSection
EndGlobal
