
Microsoft Visual Studio Solution File, Format Version 11.00
# Visual Studio 2010
Project("{FAE04EC0-301F-11D3-BF4B-00C04F79EFBC}") = "Sun.WebPublishing", "Sun.WebPublishing\Sun.WebPublishing.csproj", "{BD58B89A-2336-4AD1-9503-1C65F3A14082}"
EndProject
Global
	GlobalSection(TeamFoundationVersionControl) = preSolution
		SccNumberOfProjects = 2
		SccEnterpriseProvider = {4CA58AB2-18FA-4F8D-95D4-32DDF27D184C}
		SccTeamFoundationServer = https://theuberger.visualstudio.com/defaultcollection
		SccLocalPath0 = .
		SccProjectUniqueName1 = Sun.WebPublishing\\Sun.WebPublishing.csproj
		SccProjectName1 = Sun.WebPublishing
		SccLocalPath1 = Sun.WebPublishing
	EndGlobalSection
	GlobalSection(SolutionConfigurationPlatforms) = preSolution
		Debug|Any CPU = Debug|Any CPU
		Release|Any CPU = Release|Any CPU
	EndGlobalSection
	GlobalSection(ProjectConfigurationPlatforms) = postSolution
		{BD58B89A-2336-4AD1-9503-1C65F3A14082}.Debug|Any CPU.ActiveCfg = Debug|Any CPU
		{BD58B89A-2336-4AD1-9503-1C65F3A14082}.Debug|Any CPU.Build.0 = Debug|Any CPU
		{BD58B89A-2336-4AD1-9503-1C65F3A14082}.Release|Any CPU.ActiveCfg = Release|Any CPU
		{BD58B89A-2336-4AD1-9503-1C65F3A14082}.Release|Any CPU.Build.0 = Release|Any CPU
	EndGlobalSection
	GlobalSection(SolutionProperties) = preSolution
		HideSolutionNode = FALSE
	EndGlobalSection
EndGlobal
